// !$*UTF8*$!
{
	archiveVersion = 1;
	classes = {
	};
	objectVersion = 50;
	objects = {

/* Begin PBXBuildFile section */
		90081D5822A2970600D517A6 /* AppDelegate.swift in Sources */ = {isa = PBXBuildFile; fileRef = 90081D5722A2970600D517A6 /* AppDelegate.swift */; };
		90081D5A22A2970600D517A6 /* ViewController.swift in Sources */ = {isa = PBXBuildFile; fileRef = 90081D5922A2970600D517A6 /* ViewController.swift */; };
		90081D5D22A2970600D517A6 /* Main.storyboard in Resources */ = {isa = PBXBuildFile; fileRef = 90081D5B22A2970600D517A6 /* Main.storyboard */; };
		90081D5F22A2970700D517A6 /* Assets.xcassets in Resources */ = {isa = PBXBuildFile; fileRef = 90081D5E22A2970700D517A6 /* Assets.xcassets */; };
		90081D6222A2970700D517A6 /* LaunchScreen.storyboard in Resources */ = {isa = PBXBuildFile; fileRef = 90081D6022A2970700D517A6 /* LaunchScreen.storyboard */; };
/* End PBXBuildFile section */

/* Begin PBXFileReference section */
		90081D5422A2970600D517A6 /* 37_App_TabBar_Bandeiras.app */ = {isa = PBXFileReference; explicitFileType = wrapper.application; includeInIndex = 0; path = 37_App_TabBar_Bandeiras.app; sourceTree = BUILT_PRODUCTS_DIR; };
		90081D5722A2970600D517A6 /* AppDelegate.swift */ = {isa = PBXFileReference; lastKnownFileType = sourcecode.swift; path = AppDelegate.swift; sourceTree = "<group>"; };
		90081D5922A2970600D517A6 /* ViewController.swift */ = {isa = PBXFileReference; lastKnownFileType = sourcecode.swift; path = ViewController.swift; sourceTree = "<group>"; };
		90081D5C22A2970600D517A6 /* Base */ = {isa = PBXFileReference; lastKnownFileType = file.storyboard; name = Base; path = Base.lproj/Main.storyboard; sourceTree = "<group>"; };
		90081D5E22A2970700D517A6 /* Assets.xcassets */ = {isa = PBXFileReference; lastKnownFileType = folder.assetcatalog; path = Assets.xcassets; sourceTree = "<group>"; };
		90081D6122A2970700D517A6 /* Base */ = {isa = PBXFileReference; lastKnownFileType = file.storyboard; name = Base; path = Base.lproj/LaunchScreen.storyboard; sourceTree = "<group>"; };
		90081D6322A2970700D517A6 /* Info.plist */ = {isa = PBXFileReference; lastKnownFileType = text.plist.xml; path = Info.plist; sourceTree = "<group>"; };
/* End PBXFileReference section */

/* Begin PBXFrameworksBuildPhase section */
		90081D5122A2970600D517A6 /* Frameworks */ = {
			isa = PBXFrameworksBuildPhase;
			buildActionMask = 2147483647;
			files = (
			);
			runOnlyForDeploymentPostprocessing = 0;
		};
/* End PBXFrameworksBuildPhase section */

/* Begin PBXGroup section */
		90081D4B22A2970600D517A6 = {
			isa = PBXGroup;
			children = (
				90081D5622A2970600D517A6 /* 37_App_TabBar_Bandeiras */,
				90081D5522A2970600D517A6 /* Products */,
			);
			sourceTree = "<group>";
		};
		90081D5522A2970600D517A6 /* Products */ = {
			isa = PBXGroup;
			children = (
				90081D5422A2970600D517A6 /* 37_App_TabBar_Bandeiras.app */,
			);
			name = Products;
			sourceTree = "<group>";
		};
		90081D5622A2970600D517A6 /* 37_App_TabBar_Bandeiras */ = {
			isa = PBXGroup;
			children = (
				90081D5722A2970600D517A6 /* AppDelegate.swift */,
				90081D5922A2970600D517A6 /* ViewController.swift */,
				90081D5B22A2970600D517A6 /* Main.storyboard */,
				90081D5E22A2970700D517A6 /* Assets.xcassets */,
				90081D6022A2970700D517A6 /* LaunchScreen.storyboard */,
				90081D6322A2970700D517A6 /* Info.plist */,
			);
			path = 37_App_TabBar_Bandeiras;
			sourceTree = "<group>";
		};
/* End PBXGroup section */

/* Begin PBXNativeTarget section */
		90081D5322A2970600D517A6 /* 37_App_TabBar_Bandeiras */ = {
			isa = PBXNativeTarget;
			buildConfigurationList = 90081D6622A2970700D517A6 /* Build configuration list for PBXNativeTarget "37_App_TabBar_Bandeiras" */;
			buildPhases = (
				90081D5022A2970600D517A6 /* Sources */,
				90081D5122A2970600D517A6 /* Frameworks */,
				90081D5222A2970600D517A6 /* Resources */,
			);
			buildRules = (
			);
			dependencies = (
			);
			name = 37_App_TabBar_Bandeiras;
			productName = 37_App_TabBar_Bandeiras;
			productReference = 90081D5422A2970600D517A6 /* 37_App_TabBar_Bandeiras.app */;
			productType = "com.apple.product-type.application";
		};
/* End PBXNativeTarget section */

/* Begin PBXProject section */
		90081D4C22A2970600D517A6 /* Project object */ = {
			isa = PBXProject;
			attributes = {
				LastSwiftUpdateCheck = 1020;
				LastUpgradeCheck = 1020;
				ORGANIZATIONNAME = paulopr4;
				TargetAttributes = {
					90081D5322A2970600D517A6 = {
						CreatedOnToolsVersion = 10.2.1;
					};
				};
			};
			buildConfigurationList = 90081D4F22A2970600D517A6 /* Build configuration list for PBXProject "37_App_TabBar_Bandeiras" */;
			compatibilityVersion = "Xcode 9.3";
			developmentRegion = en;
			hasScannedForEncodings = 0;
			knownRegions = (
				en,
				Base,
			);
			mainGroup = 90081D4B22A2970600D517A6;
			productRefGroup = 90081D5522A2970600D517A6 /* Products */;
			projectDirPath = "";
			projectRoot = "";
			targets = (
				90081D5322A2970600D517A6 /* 37_App_TabBar_Bandeiras */,
			);
		};
/* End PBXProject section */

/* Begin PBXResourcesBuildPhase section */
		90081D5222A2970600D517A6 /* Resources */ = {
			isa = PBXResourcesBuildPhase;
			buildActionMask = 2147483647;
			files = (
				90081D6222A2970700D517A6 /* LaunchScreen.storyboard in Resources */,
				90081D5F22A2970700D517A6 /* Assets.xcassets in Resources */,
				90081D5D22A2970600D517A6 /* Main.storyboard in Resources */,
			);
			runOnlyForDeploymentPostprocessing = 0;
		};
/* End PBXResourcesBuildPhase section */

/* Begin PBXSourcesBuildPhase section */
		90081D5022A2970600D517A6 /* Sources */ = {
			isa = PBXSourcesBuildPhase;
			buildActionMask = 2147483647;
			files = (
				90081D5A22A2970600D517A6 /* ViewController.swift in Sources */,
				90081D5822A2970600D517A6 /* AppDelegate.swift in Sources */,
			);
			runOnlyForDeploymentPostprocessing = 0;
		};
/* End PBXSourcesBuildPhase section */

/* Begin PBXVariantGroup section */
		90081D5B22A2970600D517A6 /* Main.storyboard */ = {
			isa = PBXVariantGroup;
			children = (
				90081D5C22A2970600D517A6 /* Base */,
			);
			name = Main.storyboard;
			sourceTree = "<group>";
		};
		90081D6022A2970700D517A6 /* LaunchScreen.storyboard */ = {
			isa = PBXVariantGroup;
			children = (
				90081D6122A2970700D517A6 /* Base */,
			);
			name = LaunchScreen.storyboard;
			sourceTree = "<group>";
		};
/* End PBXVariantGroup section */

/* Begin XCBuildConfiguration section */
		90081D6422A2970700D517A6 /* Debug */ = {
			isa = XCBuildConfiguration;
			buildSettings = {
				ALWAYS_SEARCH_USER_PATHS = NO;
				CLANG_ANALYZER_NONNULL = YES;
				CLANG_ANALYZER_NUMBER_OBJECT_CONVERSION = YES_AGGRESSIVE;
				CLANG_CXX_LANGUAGE_STANDARD = "gnu++14";
				CLANG_CXX_LIBRARY = "libc++";
				CLANG_ENABLE_MODULES = YES;
				CLANG_ENABLE_OBJC_ARC = YES;
				CLANG_ENABLE_OBJC_WEAK = YES;
				CLANG_WARN_BLOCK_CAPTURE_AUTORELEASING = YES;
				CLANG_WARN_BOOL_CONVERSION = YES;
				CLANG_WARN_COMMA = YES;
				CLANG_WARN_CONSTANT_CONVERSION = YES;
				CLANG_WARN_DEPRECATED_OBJC_IMPLEMENTATIONS = YES;
				CLANG_WARN_DIRECT_OBJC_ISA_USAGE = YES_ERROR;
				CLANG_WARN_DOCUMENTATION_COMMENTS = YES;
				CLANG_WARN_EMPTY_BODY = YES;
				CLANG_WARN_ENUM_CONVERSION = YES;
				CLANG_WARN_INFINITE_RECURSION = YES;
				CLANG_WARN_INT_CONVERSION = YES;
				CLANG_WARN_NON_LITERAL_NULL_CONVERSION = YES;
				CLANG_WARN_OBJC_IMPLICIT_RETAIN_SELF = YES;
				CLANG_WARN_OBJC_LITERAL_CONVERSION = YES;
				CLANG_WARN_OBJC_ROOT_CLASS = YES_ERROR;
				CLANG_WARN_RANGE_LOOP_ANALYSIS = YES;
				CLANG_WARN_STRICT_PROTOTYPES = YES;
				CLANG_WARN_SUSPICIOUS_MOVE = YES;
				CLANG_WARN_UNGUARDED_AVAILABILITY = YES_AGGRESSIVE;
				CLANG_WARN_UNREACHABLE_CODE = YES;
				CLANG_WARN__DUPLICATE_METHOD_MATCH = YES;
				CODE_SIGN_IDENTITY = "iPhone Developer";
				COPY_PHASE_STRIP = NO;
				DEBUG_INFORMATION_FORMAT = dwarf;
				ENABLE_STRICT_OBJC_MSGSEND = YES;
				ENABLE_TESTABILITY = YES;
				GCC_C_LANGUAGE_STANDARD = gnu11;
				GCC_DYNAMIC_NO_PIC = NO;
				GCC_NO_COMMON_BLOCKS = YES;
				GCC_OPTIMIZATION_LEVEL = 0;
				GCC_PREPROCESSOR_DEFINITIONS = (
					"DEBUG=1",
					"$(inherited)",
				);
				GCC_WARN_64_TO_32_BIT_CONVERSION = YES;
				GCC_WARN_ABOUT_RETURN_TYPE = YES_ERROR;
				GCC_WARN_UNDECLARED_SELECTOR = YES;
				GCC_WARN_UNINITIALIZED_AUTOS = YES_AGGRESSIVE;
				GCC_WARN_UNUSED_FUNCTION = YES;
				GCC_WARN_UNUSED_VARIABLE = YES;
				IPHONEOS_DEPLOYMENT_TARGET = 12.2;
				MTL_ENABLE_DEBUG_INFO = INCLUDE_SOURCE;
				MTL_FAST_MATH = YES;
				ONLY_ACTIVE_ARCH = YES;
				SDKROOT = iphoneos;
				SWIFT_ACTIVE_COMPILATION_CONDITIONS = DEBUG;
				SWIFT_OPTIMIZATION_LEVEL = "-Onone";
			};
			name = Debug;
		};
		90081D6522A2970700D517A6 /* Release */ = {
			isa = XCBuildConfiguration;
			buildSettings = {
				ALWAYS_SEARCH_USER_PATHS = NO;
				CLANG_ANALYZER_NONNULL = YES;
				CLANG_ANALYZER_NUMBER_OBJECT_CONVERSION = YES_AGGRESSIVE;
				CLANG_CXX_LANGUAGE_STANDARD = "gnu++14";
				CLANG_CXX_LIBRARY = "libc++";
				CLANG_ENABLE_MODULES = YES;
				CLANG_ENABLE_OBJC_ARC = YES;
				CLANG_ENABLE_OBJC_WEAK = YES;
				CLANG_WARN_BLOCK_CAPTURE_AUTORELEASING = YES;
				CLANG_WARN_BOOL_CONVERSION = YES;
				CLANG_WARN_COMMA = YES;
				CLANG_WARN_CONSTANT_CONVERSION = YES;
				CLANG_WARN_DEPRECATED_OBJC_IMPLEMENTATIONS = YES;
				CLANG_WARN_DIRECT_OBJC_ISA_USAGE = YES_ERROR;
				CLANG_WARN_DOCUMENTATION_COMMENTS = YES;
				CLANG_WARN_EMPTY_BODY = YES;
				CLANG_WARN_ENUM_CONVERSION = YES;
				CLANG_WARN_INFINITE_RECURSION = YES;
				CLANG_WARN_INT_CONVERSION = YES;
				CLANG_WARN_NON_LITERAL_NULL_CONVERSION = YES;
				CLANG_WARN_OBJC_IMPLICIT_RETAIN_SELF = YES;
				CLANG_WARN_OBJC_LITERAL_CONVERSION = YES;
				CLANG_WARN_OBJC_ROOT_CLASS = YES_ERROR;
				CLANG_WARN_RANGE_LOOP_ANALYSIS = YES;
				CLANG_WARN_STRICT_PROTOTYPES = YES;
				CLANG_WARN_SUSPICIOUS_MOVE = YES;
				CLANG_WARN_UNGUARDED_AVAILABILITY = YES_AGGRESSIVE;
				CLANG_WARN_UNREACHABLE_CODE = YES;
				CLANG_WARN__DUPLICATE_METHOD_MATCH = YES;
				CODE_SIGN_IDENTITY = "iPhone Developer";
				COPY_PHASE_STRIP = NO;
				DEBUG_INFORMATION_FORMAT = "dwarf-with-dsym";
				ENABLE_NS_ASSERTIONS = NO;
				ENABLE_STRICT_OBJC_MSGSEND = YES;
				GCC_C_LANGUAGE_STANDARD = gnu11;
				GCC_NO_COMMON_BLOCKS = YES;
				GCC_WARN_64_TO_32_BIT_CONVERSION = YES;
				GCC_WARN_ABOUT_RETURN_TYPE = YES_ERROR;
				GCC_WARN_UNDECLARED_SELECTOR = YES;
				GCC_WARN_UNINITIALIZED_AUTOS = YES_AGGRESSIVE;
				GCC_WARN_UNUSED_FUNCTION = YES;
				GCC_WARN_UNUSED_VARIABLE = YES;
				IPHONEOS_DEPLOYMENT_TARGET = 12.2;
				MTL_ENABLE_DEBUG_INFO = NO;
				MTL_FAST_MATH = YES;
				SDKROOT = iphoneos;
				SWIFT_COMPILATION_MODE = wholemodule;
				SWIFT_OPTIMIZATION_LEVEL = "-O";
				VALIDATE_PRODUCT = YES;
			};
			name = Release;
		};
		90081D6722A2970700D517A6 /* Debug */ = {
			isa = XCBuildConfiguration;
			buildSettings = {
				ASSETCATALOG_COMPILER_APPICON_NAME = AppIcon;
				CODE_SIGN_STYLE = Automatic;
				INFOPLIST_FILE = 37_App_TabBar_Bandeiras/Info.plist;
				LD_RUNPATH_SEARCH_PATHS = (
					"$(inherited)",
					"@executable_path/Frameworks",
				);
				PRODUCT_BUNDLE_IDENTIFIER = "com.pr4trade.paulo.-7-App-TabBar-Bandeiras";
				PRODUCT_NAME = "$(TARGET_NAME)";
				SWIFT_VERSION = 5.0;
				TARGETED_DEVICE_FAMILY = "1,2";
			};
			name = Debug;
		};
		90081D6822A2970700D517A6 /* Release */ = {
			isa = XCBuildConfiguration;
			buildSettings = {
				ASSETCATALOG_COMPILER_APPICON_NAME = AppIcon;
				CODE_SIGN_STYLE = Automatic;
				INFOPLIST_FILE = 37_App_TabBar_Bandeiras/Info.plist;
				LD_RUNPATH_SEARCH_PATHS = (
					"$(inherited)",
					"@executable_path/Frameworks",
				);
				PRODUCT_BUNDLE_IDENTIFIER = "com.pr4trade.paulo.-7-App-TabBar-Bandeiras";
				PRODUCT_NAME = "$(TARGET_NAME)";
				SWIFT_VERSION = 5.0;
				TARGETED_DEVICE_FAMILY = "1,2";
			};
			name = Release;
		};
/* End XCBuildConfiguration section */

/* Begin XCConfigurationList section */
		90081D4F22A2970600D517A6 /* Build configuration list for PBXProject "37_App_TabBar_Bandeiras" */ = {
			isa = XCConfigurationList;
			buildConfigurations = (
				90081D6422A2970700D517A6 /* Debug */,
				90081D6522A2970700D517A6 /* Release */,
			);
			defaultConfigurationIsVisible = 0;
			defaultConfigurationName = Release;
		};
		90081D6622A2970700D517A6 /* Build configuration list for PBXNativeTarget "37_App_TabBar_Bandeiras" */ = {
			isa = XCConfigurationList;
			buildConfigurations = (
				90081D6722A2970700D517A6 /* Debug */,
				90081D6822A2970700D517A6 /* Release */,
			);
			defaultConfigurationIsVisible = 0;
			defaultConfigurationName = Release;
		};
/* End XCConfigurationList section */
	};
	rootObject = 90081D4C22A2970600D517A6 /* Project object */;
}
