// !$*UTF8*$!
{
	archiveVersion = 1;
	classes = {
	};
	objectVersion = 50;
	objects = {

/* Begin PBXBuildFile section */
		90385EF22297343F00D05999 /* AppDelegate.swift in Sources */ = {isa = PBXBuildFile; fileRef = 90385EF12297343F00D05999 /* AppDelegate.swift */; };
		90385EF42297343F00D05999 /* ListaCarrosVC.swift in Sources */ = {isa = PBXBuildFile; fileRef = 90385EF32297343F00D05999 /* ListaCarrosVC.swift */; };
		90385EF72297343F00D05999 /* Main.storyboard in Resources */ = {isa = PBXBuildFile; fileRef = 90385EF52297343F00D05999 /* Main.storyboard */; };
		90385EF92297344000D05999 /* Assets.xcassets in Resources */ = {isa = PBXBuildFile; fileRef = 90385EF82297344000D05999 /* Assets.xcassets */; };
		90385EFC2297344000D05999 /* LaunchScreen.storyboard in Resources */ = {isa = PBXBuildFile; fileRef = 90385EFA2297344000D05999 /* LaunchScreen.storyboard */; };
		90385F052297366300D05999 /* CarroTableCell.swift in Sources */ = {isa = PBXBuildFile; fileRef = 90385F032297366300D05999 /* CarroTableCell.swift */; };
		90385F062297366300D05999 /* CarroTableCell.xib in Resources */ = {isa = PBXBuildFile; fileRef = 90385F042297366300D05999 /* CarroTableCell.xib */; };
		90385F08229738BB00D05999 /* Carro.swift in Sources */ = {isa = PBXBuildFile; fileRef = 90385F07229738BB00D05999 /* Carro.swift */; };
		90385F0E2297456300D05999 /* DetalhesVC.swift in Sources */ = {isa = PBXBuildFile; fileRef = 90385F0D2297456300D05999 /* DetalhesVC.swift */; };
/* End PBXBuildFile section */

/* Begin PBXFileReference section */
		90385EEE2297343F00D05999 /* AppVeiculosv2.app */ = {isa = PBXFileReference; explicitFileType = wrapper.application; includeInIndex = 0; path = AppVeiculosv2.app; sourceTree = BUILT_PRODUCTS_DIR; };
		90385EF12297343F00D05999 /* AppDelegate.swift */ = {isa = PBXFileReference; lastKnownFileType = sourcecode.swift; path = AppDelegate.swift; sourceTree = "<group>"; };
		90385EF32297343F00D05999 /* ListaCarrosVC.swift */ = {isa = PBXFileReference; lastKnownFileType = sourcecode.swift; path = ListaCarrosVC.swift; sourceTree = "<group>"; };
		90385EF62297343F00D05999 /* Base */ = {isa = PBXFileReference; lastKnownFileType = file.storyboard; name = Base; path = Base.lproj/Main.storyboard; sourceTree = "<group>"; };
		90385EF82297344000D05999 /* Assets.xcassets */ = {isa = PBXFileReference; lastKnownFileType = folder.assetcatalog; path = Assets.xcassets; sourceTree = "<group>"; };
		90385EFB2297344000D05999 /* Base */ = {isa = PBXFileReference; lastKnownFileType = file.storyboard; name = Base; path = Base.lproj/LaunchScreen.storyboard; sourceTree = "<group>"; };
		90385EFD2297344000D05999 /* Info.plist */ = {isa = PBXFileReference; lastKnownFileType = text.plist.xml; path = Info.plist; sourceTree = "<group>"; };
		90385F032297366300D05999 /* CarroTableCell.swift */ = {isa = PBXFileReference; lastKnownFileType = sourcecode.swift; path = CarroTableCell.swift; sourceTree = "<group>"; };
		90385F042297366300D05999 /* CarroTableCell.xib */ = {isa = PBXFileReference; lastKnownFileType = file.xib; path = CarroTableCell.xib; sourceTree = "<group>"; };
		90385F07229738BB00D05999 /* Carro.swift */ = {isa = PBXFileReference; lastKnownFileType = sourcecode.swift; path = Carro.swift; sourceTree = "<group>"; };
		90385F0D2297456300D05999 /* DetalhesVC.swift */ = {isa = PBXFileReference; lastKnownFileType = sourcecode.swift; path = DetalhesVC.swift; sourceTree = "<group>"; };
/* End PBXFileReference section */

/* Begin PBXFrameworksBuildPhase section */
		90385EEB2297343F00D05999 /* Frameworks */ = {
			isa = PBXFrameworksBuildPhase;
			buildActionMask = 2147483647;
			files = (
			);
			runOnlyForDeploymentPostprocessing = 0;
		};
/* End PBXFrameworksBuildPhase section */

/* Begin PBXGroup section */
		90385EE52297343F00D05999 = {
			isa = PBXGroup;
			children = (
				90385EF02297343F00D05999 /* AppVeiculosv2 */,
				90385EEF2297343F00D05999 /* Products */,
			);
			sourceTree = "<group>";
		};
		90385EEF2297343F00D05999 /* Products */ = {
			isa = PBXGroup;
			children = (
				90385EEE2297343F00D05999 /* AppVeiculosv2.app */,
			);
			name = Products;
			sourceTree = "<group>";
		};
		90385EF02297343F00D05999 /* AppVeiculosv2 */ = {
			isa = PBXGroup;
			children = (
				90385EF12297343F00D05999 /* AppDelegate.swift */,
				90385EF32297343F00D05999 /* ListaCarrosVC.swift */,
				90385EF52297343F00D05999 /* Main.storyboard */,
				90385F0D2297456300D05999 /* DetalhesVC.swift */,
				90385F032297366300D05999 /* CarroTableCell.swift */,
				90385F042297366300D05999 /* CarroTableCell.xib */,
				90385F07229738BB00D05999 /* Carro.swift */,
				90385EF82297344000D05999 /* Assets.xcassets */,
				90385EFA2297344000D05999 /* LaunchScreen.storyboard */,
				90385EFD2297344000D05999 /* Info.plist */,
			);
			path = AppVeiculosv2;
			sourceTree = "<group>";
		};
/* End PBXGroup section */

/* Begin PBXNativeTarget section */
		90385EED2297343F00D05999 /* AppVeiculosv2 */ = {
			isa = PBXNativeTarget;
			buildConfigurationList = 90385F002297344000D05999 /* Build configuration list for PBXNativeTarget "AppVeiculosv2" */;
			buildPhases = (
				90385EEA2297343F00D05999 /* Sources */,
				90385EEB2297343F00D05999 /* Frameworks */,
				90385EEC2297343F00D05999 /* Resources */,
			);
			buildRules = (
			);
			dependencies = (
			);
			name = AppVeiculosv2;
			productName = AppVeiculosv2;
			productReference = 90385EEE2297343F00D05999 /* AppVeiculosv2.app */;
			productType = "com.apple.product-type.application";
		};
/* End PBXNativeTarget section */

/* Begin PBXProject section */
		90385EE62297343F00D05999 /* Project object */ = {
			isa = PBXProject;
			attributes = {
				LastSwiftUpdateCheck = 1020;
				LastUpgradeCheck = 1020;
				ORGANIZATIONNAME = paulopr4;
				TargetAttributes = {
					90385EED2297343F00D05999 = {
						CreatedOnToolsVersion = 10.2.1;
					};
				};
			};
			buildConfigurationList = 90385EE92297343F00D05999 /* Build configuration list for PBXProject "AppVeiculosv2" */;
			compatibilityVersion = "Xcode 9.3";
			developmentRegion = en;
			hasScannedForEncodings = 0;
			knownRegions = (
				en,
				Base,
			);
			mainGroup = 90385EE52297343F00D05999;
			productRefGroup = 90385EEF2297343F00D05999 /* Products */;
			projectDirPath = "";
			projectRoot = "";
			targets = (
				90385EED2297343F00D05999 /* AppVeiculosv2 */,
			);
		};
/* End PBXProject section */

/* Begin PBXResourcesBuildPhase section */
		90385EEC2297343F00D05999 /* Resources */ = {
			isa = PBXResourcesBuildPhase;
			buildActionMask = 2147483647;
			files = (
				90385EFC2297344000D05999 /* LaunchScreen.storyboard in Resources */,
				90385EF92297344000D05999 /* Assets.xcassets in Resources */,
				90385F062297366300D05999 /* CarroTableCell.xib in Resources */,
				90385EF72297343F00D05999 /* Main.storyboard in Resources */,
			);
			runOnlyForDeploymentPostprocessing = 0;
		};
/* End PBXResourcesBuildPhase section */

/* Begin PBXSourcesBuildPhase section */
		90385EEA2297343F00D05999 /* Sources */ = {
			isa = PBXSourcesBuildPhase;
			buildActionMask = 2147483647;
			files = (
				90385EF42297343F00D05999 /* ListaCarrosVC.swift in Sources */,
				90385F08229738BB00D05999 /* Carro.swift in Sources */,
				90385F052297366300D05999 /* CarroTableCell.swift in Sources */,
				90385F0E2297456300D05999 /* DetalhesVC.swift in Sources */,
				90385EF22297343F00D05999 /* AppDelegate.swift in Sources */,
			);
			runOnlyForDeploymentPostprocessing = 0;
		};
/* End PBXSourcesBuildPhase section */

/* Begin PBXVariantGroup section */
		90385EF52297343F00D05999 /* Main.storyboard */ = {
			isa = PBXVariantGroup;
			children = (
				90385EF62297343F00D05999 /* Base */,
			);
			name = Main.storyboard;
			sourceTree = "<group>";
		};
		90385EFA2297344000D05999 /* LaunchScreen.storyboard */ = {
			isa = PBXVariantGroup;
			children = (
				90385EFB2297344000D05999 /* Base */,
			);
			name = LaunchScreen.storyboard;
			sourceTree = "<group>";
		};
/* End PBXVariantGroup section */

/* Begin XCBuildConfiguration section */
		90385EFE2297344000D05999 /* Debug */ = {
			isa = XCBuildConfiguration;
			buildSettings = {
				ALWAYS_SEARCH_USER_PATHS = NO;
				CLANG_ANALYZER_NONNULL = YES;
				CLANG_ANALYZER_NUMBER_OBJECT_CONVERSION = YES_AGGRESSIVE;
				CLANG_CXX_LANGUAGE_STANDARD = "gnu++14";
				CLANG_CXX_LIBRARY = "libc++";
				CLANG_ENABLE_MODULES = YES;
				CLANG_ENABLE_OBJC_ARC = YES;
				CLANG_ENABLE_OBJC_WEAK = YES;
				CLANG_WARN_BLOCK_CAPTURE_AUTORELEASING = YES;
				CLANG_WARN_BOOL_CONVERSION = YES;
				CLANG_WARN_COMMA = YES;
				CLANG_WARN_CONSTANT_CONVERSION = YES;
				CLANG_WARN_DEPRECATED_OBJC_IMPLEMENTATIONS = YES;
				CLANG_WARN_DIRECT_OBJC_ISA_USAGE = YES_ERROR;
				CLANG_WARN_DOCUMENTATION_COMMENTS = YES;
				CLANG_WARN_EMPTY_BODY = YES;
				CLANG_WARN_ENUM_CONVERSION = YES;
				CLANG_WARN_INFINITE_RECURSION = YES;
				CLANG_WARN_INT_CONVERSION = YES;
				CLANG_WARN_NON_LITERAL_NULL_CONVERSION = YES;
				CLANG_WARN_OBJC_IMPLICIT_RETAIN_SELF = YES;
				CLANG_WARN_OBJC_LITERAL_CONVERSION = YES;
				CLANG_WARN_OBJC_ROOT_CLASS = YES_ERROR;
				CLANG_WARN_RANGE_LOOP_ANALYSIS = YES;
				CLANG_WARN_STRICT_PROTOTYPES = YES;
				CLANG_WARN_SUSPICIOUS_MOVE = YES;
				CLANG_WARN_UNGUARDED_AVAILABILITY = YES_AGGRESSIVE;
				CLANG_WARN_UNREACHABLE_CODE = YES;
				CLANG_WARN__DUPLICATE_METHOD_MATCH = YES;
				CODE_SIGN_IDENTITY = "iPhone Developer";
				COPY_PHASE_STRIP = NO;
				DEBUG_INFORMATION_FORMAT = dwarf;
				ENABLE_STRICT_OBJC_MSGSEND = YES;
				ENABLE_TESTABILITY = YES;
				GCC_C_LANGUAGE_STANDARD = gnu11;
				GCC_DYNAMIC_NO_PIC = NO;
				GCC_NO_COMMON_BLOCKS = YES;
				GCC_OPTIMIZATION_LEVEL = 0;
				GCC_PREPROCESSOR_DEFINITIONS = (
					"DEBUG=1",
					"$(inherited)",
				);
				GCC_WARN_64_TO_32_BIT_CONVERSION = YES;
				GCC_WARN_ABOUT_RETURN_TYPE = YES_ERROR;
				GCC_WARN_UNDECLARED_SELECTOR = YES;
				GCC_WARN_UNINITIALIZED_AUTOS = YES_AGGRESSIVE;
				GCC_WARN_UNUSED_FUNCTION = YES;
				GCC_WARN_UNUSED_VARIABLE = YES;
				IPHONEOS_DEPLOYMENT_TARGET = 12.2;
				MTL_ENABLE_DEBUG_INFO = INCLUDE_SOURCE;
				MTL_FAST_MATH = YES;
				ONLY_ACTIVE_ARCH = YES;
				SDKROOT = iphoneos;
				SWIFT_ACTIVE_COMPILATION_CONDITIONS = DEBUG;
				SWIFT_OPTIMIZATION_LEVEL = "-Onone";
			};
			name = Debug;
		};
		90385EFF2297344000D05999 /* Release */ = {
			isa = XCBuildConfiguration;
			buildSettings = {
				ALWAYS_SEARCH_USER_PATHS = NO;
				CLANG_ANALYZER_NONNULL = YES;
				CLANG_ANALYZER_NUMBER_OBJECT_CONVERSION = YES_AGGRESSIVE;
				CLANG_CXX_LANGUAGE_STANDARD = "gnu++14";
				CLANG_CXX_LIBRARY = "libc++";
				CLANG_ENABLE_MODULES = YES;
				CLANG_ENABLE_OBJC_ARC = YES;
				CLANG_ENABLE_OBJC_WEAK = YES;
				CLANG_WARN_BLOCK_CAPTURE_AUTORELEASING = YES;
				CLANG_WARN_BOOL_CONVERSION = YES;
				CLANG_WARN_COMMA = YES;
				CLANG_WARN_CONSTANT_CONVERSION = YES;
				CLANG_WARN_DEPRECATED_OBJC_IMPLEMENTATIONS = YES;
				CLANG_WARN_DIRECT_OBJC_ISA_USAGE = YES_ERROR;
				CLANG_WARN_DOCUMENTATION_COMMENTS = YES;
				CLANG_WARN_EMPTY_BODY = YES;
				CLANG_WARN_ENUM_CONVERSION = YES;
				CLANG_WARN_INFINITE_RECURSION = YES;
				CLANG_WARN_INT_CONVERSION = YES;
				CLANG_WARN_NON_LITERAL_NULL_CONVERSION = YES;
				CLANG_WARN_OBJC_IMPLICIT_RETAIN_SELF = YES;
				CLANG_WARN_OBJC_LITERAL_CONVERSION = YES;
				CLANG_WARN_OBJC_ROOT_CLASS = YES_ERROR;
				CLANG_WARN_RANGE_LOOP_ANALYSIS = YES;
				CLANG_WARN_STRICT_PROTOTYPES = YES;
				CLANG_WARN_SUSPICIOUS_MOVE = YES;
				CLANG_WARN_UNGUARDED_AVAILABILITY = YES_AGGRESSIVE;
				CLANG_WARN_UNREACHABLE_CODE = YES;
				CLANG_WARN__DUPLICATE_METHOD_MATCH = YES;
				CODE_SIGN_IDENTITY = "iPhone Developer";
				COPY_PHASE_STRIP = NO;
				DEBUG_INFORMATION_FORMAT = "dwarf-with-dsym";
				ENABLE_NS_ASSERTIONS = NO;
				ENABLE_STRICT_OBJC_MSGSEND = YES;
				GCC_C_LANGUAGE_STANDARD = gnu11;
				GCC_NO_COMMON_BLOCKS = YES;
				GCC_WARN_64_TO_32_BIT_CONVERSION = YES;
				GCC_WARN_ABOUT_RETURN_TYPE = YES_ERROR;
				GCC_WARN_UNDECLARED_SELECTOR = YES;
				GCC_WARN_UNINITIALIZED_AUTOS = YES_AGGRESSIVE;
				GCC_WARN_UNUSED_FUNCTION = YES;
				GCC_WARN_UNUSED_VARIABLE = YES;
				IPHONEOS_DEPLOYMENT_TARGET = 12.2;
				MTL_ENABLE_DEBUG_INFO = NO;
				MTL_FAST_MATH = YES;
				SDKROOT = iphoneos;
				SWIFT_COMPILATION_MODE = wholemodule;
				SWIFT_OPTIMIZATION_LEVEL = "-O";
				VALIDATE_PRODUCT = YES;
			};
			name = Release;
		};
		90385F012297344000D05999 /* Debug */ = {
			isa = XCBuildConfiguration;
			buildSettings = {
				ASSETCATALOG_COMPILER_APPICON_NAME = AppIcon;
				CODE_SIGN_STYLE = Automatic;
				INFOPLIST_FILE = AppVeiculosv2/Info.plist;
				LD_RUNPATH_SEARCH_PATHS = (
					"$(inherited)",
					"@executable_path/Frameworks",
				);
				PRODUCT_BUNDLE_IDENTIFIER = com.pr4trade.paulo.AppVeiculosv2;
				PRODUCT_NAME = "$(TARGET_NAME)";
				SWIFT_VERSION = 5.0;
				TARGETED_DEVICE_FAMILY = "1,2";
			};
			name = Debug;
		};
		90385F022297344000D05999 /* Release */ = {
			isa = XCBuildConfiguration;
			buildSettings = {
				ASSETCATALOG_COMPILER_APPICON_NAME = AppIcon;
				CODE_SIGN_STYLE = Automatic;
				INFOPLIST_FILE = AppVeiculosv2/Info.plist;
				LD_RUNPATH_SEARCH_PATHS = (
					"$(inherited)",
					"@executable_path/Frameworks",
				);
				PRODUCT_BUNDLE_IDENTIFIER = com.pr4trade.paulo.AppVeiculosv2;
				PRODUCT_NAME = "$(TARGET_NAME)";
				SWIFT_VERSION = 5.0;
				TARGETED_DEVICE_FAMILY = "1,2";
			};
			name = Release;
		};
/* End XCBuildConfiguration section */

/* Begin XCConfigurationList section */
		90385EE92297343F00D05999 /* Build configuration list for PBXProject "AppVeiculosv2" */ = {
			isa = XCConfigurationList;
			buildConfigurations = (
				90385EFE2297344000D05999 /* Debug */,
				90385EFF2297344000D05999 /* Release */,
			);
			defaultConfigurationIsVisible = 0;
			defaultConfigurationName = Release;
		};
		90385F002297344000D05999 /* Build configuration list for PBXNativeTarget "AppVeiculosv2" */ = {
			isa = XCConfigurationList;
			buildConfigurations = (
				90385F012297344000D05999 /* Debug */,
				90385F022297344000D05999 /* Release */,
			);
			defaultConfigurationIsVisible = 0;
			defaultConfigurationName = Release;
		};
/* End XCConfigurationList section */
	};
	rootObject = 90385EE62297343F00D05999 /* Project object */;
}
