// !$*UTF8*$!
{
	archiveVersion = 1;
	classes = {
	};
	objectVersion = 50;
	objects = {

/* Begin PBXBuildFile section */
		90099A9622971F1E00D0837F /* AppDelegate.swift in Sources */ = {isa = PBXBuildFile; fileRef = 90099A9522971F1E00D0837F /* AppDelegate.swift */; };
		90099A9822971F1E00D0837F /* ViewController.swift in Sources */ = {isa = PBXBuildFile; fileRef = 90099A9722971F1E00D0837F /* ViewController.swift */; };
		90099A9B22971F1E00D0837F /* Main.storyboard in Resources */ = {isa = PBXBuildFile; fileRef = 90099A9922971F1E00D0837F /* Main.storyboard */; };
		90099A9D22971F2000D0837F /* Assets.xcassets in Resources */ = {isa = PBXBuildFile; fileRef = 90099A9C22971F2000D0837F /* Assets.xcassets */; };
		90099AA022971F2000D0837F /* LaunchScreen.storyboard in Resources */ = {isa = PBXBuildFile; fileRef = 90099A9E22971F2000D0837F /* LaunchScreen.storyboard */; };
		90099AAE22971FF400D0837F /* Carrocell_v2.swift in Sources */ = {isa = PBXBuildFile; fileRef = 90099AAC22971FF400D0837F /* Carrocell_v2.swift */; };
		90099AAF22971FF400D0837F /* Carrocell_v2.xib in Resources */ = {isa = PBXBuildFile; fileRef = 90099AAD22971FF400D0837F /* Carrocell_v2.xib */; };
		90099AB12297268100D0837F /* listaCarrosVC.swift in Sources */ = {isa = PBXBuildFile; fileRef = 90099AB02297268100D0837F /* listaCarrosVC.swift */; };
		90099AB3229726EB00D0837F /* carro.swift in Sources */ = {isa = PBXBuildFile; fileRef = 90099AB2229726EB00D0837F /* carro.swift */; };
		90099AB9229730B700D0837F /* DetailVC.swift in Sources */ = {isa = PBXBuildFile; fileRef = 90099AB8229730B700D0837F /* DetailVC.swift */; };
/* End PBXBuildFile section */

/* Begin PBXFileReference section */
		90099A9222971F1E00D0837F /* AppVeiculos.app */ = {isa = PBXFileReference; explicitFileType = wrapper.application; includeInIndex = 0; path = AppVeiculos.app; sourceTree = BUILT_PRODUCTS_DIR; };
		90099A9522971F1E00D0837F /* AppDelegate.swift */ = {isa = PBXFileReference; lastKnownFileType = sourcecode.swift; path = AppDelegate.swift; sourceTree = "<group>"; };
		90099A9722971F1E00D0837F /* ViewController.swift */ = {isa = PBXFileReference; lastKnownFileType = sourcecode.swift; path = ViewController.swift; sourceTree = "<group>"; };
		90099A9A22971F1E00D0837F /* Base */ = {isa = PBXFileReference; lastKnownFileType = file.storyboard; name = Base; path = Base.lproj/Main.storyboard; sourceTree = "<group>"; };
		90099A9C22971F2000D0837F /* Assets.xcassets */ = {isa = PBXFileReference; lastKnownFileType = folder.assetcatalog; path = Assets.xcassets; sourceTree = "<group>"; };
		90099A9F22971F2000D0837F /* Base */ = {isa = PBXFileReference; lastKnownFileType = file.storyboard; name = Base; path = Base.lproj/LaunchScreen.storyboard; sourceTree = "<group>"; };
		90099AA122971F2000D0837F /* Info.plist */ = {isa = PBXFileReference; lastKnownFileType = text.plist.xml; path = Info.plist; sourceTree = "<group>"; };
		90099AAC22971FF400D0837F /* Carrocell_v2.swift */ = {isa = PBXFileReference; lastKnownFileType = sourcecode.swift; path = Carrocell_v2.swift; sourceTree = "<group>"; };
		90099AAD22971FF400D0837F /* Carrocell_v2.xib */ = {isa = PBXFileReference; lastKnownFileType = file.xib; path = Carrocell_v2.xib; sourceTree = "<group>"; };
		90099AB02297268100D0837F /* listaCarrosVC.swift */ = {isa = PBXFileReference; lastKnownFileType = sourcecode.swift; path = listaCarrosVC.swift; sourceTree = "<group>"; };
		90099AB2229726EB00D0837F /* carro.swift */ = {isa = PBXFileReference; lastKnownFileType = sourcecode.swift; path = carro.swift; sourceTree = "<group>"; };
		90099AB8229730B700D0837F /* DetailVC.swift */ = {isa = PBXFileReference; lastKnownFileType = sourcecode.swift; path = DetailVC.swift; sourceTree = "<group>"; };
/* End PBXFileReference section */

/* Begin PBXFrameworksBuildPhase section */
		90099A8F22971F1E00D0837F /* Frameworks */ = {
			isa = PBXFrameworksBuildPhase;
			buildActionMask = 2147483647;
			files = (
			);
			runOnlyForDeploymentPostprocessing = 0;
		};
/* End PBXFrameworksBuildPhase section */

/* Begin PBXGroup section */
		90099A8922971F1E00D0837F = {
			isa = PBXGroup;
			children = (
				90099A9422971F1E00D0837F /* AppVeiculos */,
				90099A9322971F1E00D0837F /* Products */,
			);
			sourceTree = "<group>";
		};
		90099A9322971F1E00D0837F /* Products */ = {
			isa = PBXGroup;
			children = (
				90099A9222971F1E00D0837F /* AppVeiculos.app */,
			);
			name = Products;
			sourceTree = "<group>";
		};
		90099A9422971F1E00D0837F /* AppVeiculos */ = {
			isa = PBXGroup;
			children = (
				90099AA922971F5F00D0837F /* Classes */,
				90099AA822971F5100D0837F /* Views */,
				90099AA722971F4300D0837F /* Cell */,
				90099A9522971F1E00D0837F /* AppDelegate.swift */,
				90099A9722971F1E00D0837F /* ViewController.swift */,
				90099A9922971F1E00D0837F /* Main.storyboard */,
				90099A9C22971F2000D0837F /* Assets.xcassets */,
				90099A9E22971F2000D0837F /* LaunchScreen.storyboard */,
				90099AA122971F2000D0837F /* Info.plist */,
			);
			path = AppVeiculos;
			sourceTree = "<group>";
		};
		90099AA722971F4300D0837F /* Cell */ = {
			isa = PBXGroup;
			children = (
				90099AAC22971FF400D0837F /* Carrocell_v2.swift */,
				90099AAD22971FF400D0837F /* Carrocell_v2.xib */,
			);
			path = Cell;
			sourceTree = "<group>";
		};
		90099AA822971F5100D0837F /* Views */ = {
			isa = PBXGroup;
			children = (
				90099AB02297268100D0837F /* listaCarrosVC.swift */,
				90099AB8229730B700D0837F /* DetailVC.swift */,
			);
			path = Views;
			sourceTree = "<group>";
		};
		90099AA922971F5F00D0837F /* Classes */ = {
			isa = PBXGroup;
			children = (
				90099AB2229726EB00D0837F /* carro.swift */,
			);
			path = Classes;
			sourceTree = "<group>";
		};
/* End PBXGroup section */

/* Begin PBXNativeTarget section */
		90099A9122971F1E00D0837F /* AppVeiculos */ = {
			isa = PBXNativeTarget;
			buildConfigurationList = 90099AA422971F2000D0837F /* Build configuration list for PBXNativeTarget "AppVeiculos" */;
			buildPhases = (
				90099A8E22971F1E00D0837F /* Sources */,
				90099A8F22971F1E00D0837F /* Frameworks */,
				90099A9022971F1E00D0837F /* Resources */,
			);
			buildRules = (
			);
			dependencies = (
			);
			name = AppVeiculos;
			productName = AppVeiculos;
			productReference = 90099A9222971F1E00D0837F /* AppVeiculos.app */;
			productType = "com.apple.product-type.application";
		};
/* End PBXNativeTarget section */

/* Begin PBXProject section */
		90099A8A22971F1E00D0837F /* Project object */ = {
			isa = PBXProject;
			attributes = {
				LastSwiftUpdateCheck = 1020;
				LastUpgradeCheck = 1020;
				ORGANIZATIONNAME = paulopr4;
				TargetAttributes = {
					90099A9122971F1E00D0837F = {
						CreatedOnToolsVersion = 10.2.1;
					};
				};
			};
			buildConfigurationList = 90099A8D22971F1E00D0837F /* Build configuration list for PBXProject "AppVeiculos" */;
			compatibilityVersion = "Xcode 9.3";
			developmentRegion = en;
			hasScannedForEncodings = 0;
			knownRegions = (
				en,
				Base,
			);
			mainGroup = 90099A8922971F1E00D0837F;
			productRefGroup = 90099A9322971F1E00D0837F /* Products */;
			projectDirPath = "";
			projectRoot = "";
			targets = (
				90099A9122971F1E00D0837F /* AppVeiculos */,
			);
		};
/* End PBXProject section */

/* Begin PBXResourcesBuildPhase section */
		90099A9022971F1E00D0837F /* Resources */ = {
			isa = PBXResourcesBuildPhase;
			buildActionMask = 2147483647;
			files = (
				90099AA022971F2000D0837F /* LaunchScreen.storyboard in Resources */,
				90099A9D22971F2000D0837F /* Assets.xcassets in Resources */,
				90099A9B22971F1E00D0837F /* Main.storyboard in Resources */,
				90099AAF22971FF400D0837F /* Carrocell_v2.xib in Resources */,
			);
			runOnlyForDeploymentPostprocessing = 0;
		};
/* End PBXResourcesBuildPhase section */

/* Begin PBXSourcesBuildPhase section */
		90099A8E22971F1E00D0837F /* Sources */ = {
			isa = PBXSourcesBuildPhase;
			buildActionMask = 2147483647;
			files = (
				90099A9822971F1E00D0837F /* ViewController.swift in Sources */,
				90099A9622971F1E00D0837F /* AppDelegate.swift in Sources */,
				90099AB12297268100D0837F /* listaCarrosVC.swift in Sources */,
				90099AB3229726EB00D0837F /* carro.swift in Sources */,
				90099AAE22971FF400D0837F /* Carrocell_v2.swift in Sources */,
				90099AB9229730B700D0837F /* DetailVC.swift in Sources */,
			);
			runOnlyForDeploymentPostprocessing = 0;
		};
/* End PBXSourcesBuildPhase section */

/* Begin PBXVariantGroup section */
		90099A9922971F1E00D0837F /* Main.storyboard */ = {
			isa = PBXVariantGroup;
			children = (
				90099A9A22971F1E00D0837F /* Base */,
			);
			name = Main.storyboard;
			sourceTree = "<group>";
		};
		90099A9E22971F2000D0837F /* LaunchScreen.storyboard */ = {
			isa = PBXVariantGroup;
			children = (
				90099A9F22971F2000D0837F /* Base */,
			);
			name = LaunchScreen.storyboard;
			sourceTree = "<group>";
		};
/* End PBXVariantGroup section */

/* Begin XCBuildConfiguration section */
		90099AA222971F2000D0837F /* Debug */ = {
			isa = XCBuildConfiguration;
			buildSettings = {
				ALWAYS_SEARCH_USER_PATHS = NO;
				CLANG_ANALYZER_NONNULL = YES;
				CLANG_ANALYZER_NUMBER_OBJECT_CONVERSION = YES_AGGRESSIVE;
				CLANG_CXX_LANGUAGE_STANDARD = "gnu++14";
				CLANG_CXX_LIBRARY = "libc++";
				CLANG_ENABLE_MODULES = YES;
				CLANG_ENABLE_OBJC_ARC = YES;
				CLANG_ENABLE_OBJC_WEAK = YES;
				CLANG_WARN_BLOCK_CAPTURE_AUTORELEASING = YES;
				CLANG_WARN_BOOL_CONVERSION = YES;
				CLANG_WARN_COMMA = YES;
				CLANG_WARN_CONSTANT_CONVERSION = YES;
				CLANG_WARN_DEPRECATED_OBJC_IMPLEMENTATIONS = YES;
				CLANG_WARN_DIRECT_OBJC_ISA_USAGE = YES_ERROR;
				CLANG_WARN_DOCUMENTATION_COMMENTS = YES;
				CLANG_WARN_EMPTY_BODY = YES;
				CLANG_WARN_ENUM_CONVERSION = YES;
				CLANG_WARN_INFINITE_RECURSION = YES;
				CLANG_WARN_INT_CONVERSION = YES;
				CLANG_WARN_NON_LITERAL_NULL_CONVERSION = YES;
				CLANG_WARN_OBJC_IMPLICIT_RETAIN_SELF = YES;
				CLANG_WARN_OBJC_LITERAL_CONVERSION = YES;
				CLANG_WARN_OBJC_ROOT_CLASS = YES_ERROR;
				CLANG_WARN_RANGE_LOOP_ANALYSIS = YES;
				CLANG_WARN_STRICT_PROTOTYPES = YES;
				CLANG_WARN_SUSPICIOUS_MOVE = YES;
				CLANG_WARN_UNGUARDED_AVAILABILITY = YES_AGGRESSIVE;
				CLANG_WARN_UNREACHABLE_CODE = YES;
				CLANG_WARN__DUPLICATE_METHOD_MATCH = YES;
				CODE_SIGN_IDENTITY = "iPhone Developer";
				COPY_PHASE_STRIP = NO;
				DEBUG_INFORMATION_FORMAT = dwarf;
				ENABLE_STRICT_OBJC_MSGSEND = YES;
				ENABLE_TESTABILITY = YES;
				GCC_C_LANGUAGE_STANDARD = gnu11;
				GCC_DYNAMIC_NO_PIC = NO;
				GCC_NO_COMMON_BLOCKS = YES;
				GCC_OPTIMIZATION_LEVEL = 0;
				GCC_PREPROCESSOR_DEFINITIONS = (
					"DEBUG=1",
					"$(inherited)",
				);
				GCC_WARN_64_TO_32_BIT_CONVERSION = YES;
				GCC_WARN_ABOUT_RETURN_TYPE = YES_ERROR;
				GCC_WARN_UNDECLARED_SELECTOR = YES;
				GCC_WARN_UNINITIALIZED_AUTOS = YES_AGGRESSIVE;
				GCC_WARN_UNUSED_FUNCTION = YES;
				GCC_WARN_UNUSED_VARIABLE = YES;
				IPHONEOS_DEPLOYMENT_TARGET = 12.2;
				MTL_ENABLE_DEBUG_INFO = INCLUDE_SOURCE;
				MTL_FAST_MATH = YES;
				ONLY_ACTIVE_ARCH = YES;
				SDKROOT = iphoneos;
				SWIFT_ACTIVE_COMPILATION_CONDITIONS = DEBUG;
				SWIFT_OPTIMIZATION_LEVEL = "-Onone";
			};
			name = Debug;
		};
		90099AA322971F2000D0837F /* Release */ = {
			isa = XCBuildConfiguration;
			buildSettings = {
				ALWAYS_SEARCH_USER_PATHS = NO;
				CLANG_ANALYZER_NONNULL = YES;
				CLANG_ANALYZER_NUMBER_OBJECT_CONVERSION = YES_AGGRESSIVE;
				CLANG_CXX_LANGUAGE_STANDARD = "gnu++14";
				CLANG_CXX_LIBRARY = "libc++";
				CLANG_ENABLE_MODULES = YES;
				CLANG_ENABLE_OBJC_ARC = YES;
				CLANG_ENABLE_OBJC_WEAK = YES;
				CLANG_WARN_BLOCK_CAPTURE_AUTORELEASING = YES;
				CLANG_WARN_BOOL_CONVERSION = YES;
				CLANG_WARN_COMMA = YES;
				CLANG_WARN_CONSTANT_CONVERSION = YES;
				CLANG_WARN_DEPRECATED_OBJC_IMPLEMENTATIONS = YES;
				CLANG_WARN_DIRECT_OBJC_ISA_USAGE = YES_ERROR;
				CLANG_WARN_DOCUMENTATION_COMMENTS = YES;
				CLANG_WARN_EMPTY_BODY = YES;
				CLANG_WARN_ENUM_CONVERSION = YES;
				CLANG_WARN_INFINITE_RECURSION = YES;
				CLANG_WARN_INT_CONVERSION = YES;
				CLANG_WARN_NON_LITERAL_NULL_CONVERSION = YES;
				CLANG_WARN_OBJC_IMPLICIT_RETAIN_SELF = YES;
				CLANG_WARN_OBJC_LITERAL_CONVERSION = YES;
				CLANG_WARN_OBJC_ROOT_CLASS = YES_ERROR;
				CLANG_WARN_RANGE_LOOP_ANALYSIS = YES;
				CLANG_WARN_STRICT_PROTOTYPES = YES;
				CLANG_WARN_SUSPICIOUS_MOVE = YES;
				CLANG_WARN_UNGUARDED_AVAILABILITY = YES_AGGRESSIVE;
				CLANG_WARN_UNREACHABLE_CODE = YES;
				CLANG_WARN__DUPLICATE_METHOD_MATCH = YES;
				CODE_SIGN_IDENTITY = "iPhone Developer";
				COPY_PHASE_STRIP = NO;
				DEBUG_INFORMATION_FORMAT = "dwarf-with-dsym";
				ENABLE_NS_ASSERTIONS = NO;
				ENABLE_STRICT_OBJC_MSGSEND = YES;
				GCC_C_LANGUAGE_STANDARD = gnu11;
				GCC_NO_COMMON_BLOCKS = YES;
				GCC_WARN_64_TO_32_BIT_CONVERSION = YES;
				GCC_WARN_ABOUT_RETURN_TYPE = YES_ERROR;
				GCC_WARN_UNDECLARED_SELECTOR = YES;
				GCC_WARN_UNINITIALIZED_AUTOS = YES_AGGRESSIVE;
				GCC_WARN_UNUSED_FUNCTION = YES;
				GCC_WARN_UNUSED_VARIABLE = YES;
				IPHONEOS_DEPLOYMENT_TARGET = 12.2;
				MTL_ENABLE_DEBUG_INFO = NO;
				MTL_FAST_MATH = YES;
				SDKROOT = iphoneos;
				SWIFT_COMPILATION_MODE = wholemodule;
				SWIFT_OPTIMIZATION_LEVEL = "-O";
				VALIDATE_PRODUCT = YES;
			};
			name = Release;
		};
		90099AA522971F2000D0837F /* Debug */ = {
			isa = XCBuildConfiguration;
			buildSettings = {
				ASSETCATALOG_COMPILER_APPICON_NAME = AppIcon;
				CODE_SIGN_STYLE = Automatic;
				INFOPLIST_FILE = AppVeiculos/Info.plist;
				LD_RUNPATH_SEARCH_PATHS = (
					"$(inherited)",
					"@executable_path/Frameworks",
				);
				PRODUCT_BUNDLE_IDENTIFIER = com.pr4trade.paulo.AppVeiculos;
				PRODUCT_NAME = "$(TARGET_NAME)";
				SWIFT_VERSION = 5.0;
				TARGETED_DEVICE_FAMILY = "1,2";
			};
			name = Debug;
		};
		90099AA622971F2000D0837F /* Release */ = {
			isa = XCBuildConfiguration;
			buildSettings = {
				ASSETCATALOG_COMPILER_APPICON_NAME = AppIcon;
				CODE_SIGN_STYLE = Automatic;
				INFOPLIST_FILE = AppVeiculos/Info.plist;
				LD_RUNPATH_SEARCH_PATHS = (
					"$(inherited)",
					"@executable_path/Frameworks",
				);
				PRODUCT_BUNDLE_IDENTIFIER = com.pr4trade.paulo.AppVeiculos;
				PRODUCT_NAME = "$(TARGET_NAME)";
				SWIFT_VERSION = 5.0;
				TARGETED_DEVICE_FAMILY = "1,2";
			};
			name = Release;
		};
/* End XCBuildConfiguration section */

/* Begin XCConfigurationList section */
		90099A8D22971F1E00D0837F /* Build configuration list for PBXProject "AppVeiculos" */ = {
			isa = XCConfigurationList;
			buildConfigurations = (
				90099AA222971F2000D0837F /* Debug */,
				90099AA322971F2000D0837F /* Release */,
			);
			defaultConfigurationIsVisible = 0;
			defaultConfigurationName = Release;
		};
		90099AA422971F2000D0837F /* Build configuration list for PBXNativeTarget "AppVeiculos" */ = {
			isa = XCConfigurationList;
			buildConfigurations = (
				90099AA522971F2000D0837F /* Debug */,
				90099AA622971F2000D0837F /* Release */,
			);
			defaultConfigurationIsVisible = 0;
			defaultConfigurationName = Release;
		};
/* End XCConfigurationList section */
	};
	rootObject = 90099A8A22971F1E00D0837F /* Project object */;
}
